
Microsoft Visual Studio Solution File, Format Version 12.00
Project("{FAE04EC0-301F-11D3-BF4B-00C04F79EFBC}") = "RockstarsIT", "RockstarsIT\RockstarsIT.csproj", "{FA215677-7C3F-452D-868C-408A3C028D53}"
EndProject
Global
	GlobalSection(SolutionConfigurationPlatforms) = preSolution
		Debug|Any CPU = Debug|Any CPU
		Release|Any CPU = Release|Any CPU
	EndGlobalSection
	GlobalSection(ProjectConfigurationPlatforms) = postSolution
		{FA215677-7C3F-452D-868C-408A3C028D53}.Debug|Any CPU.ActiveCfg = Debug|Any CPU
		{FA215677-7C3F-452D-868C-408A3C028D53}.Debug|Any CPU.Build.0 = Debug|Any CPU
		{FA215677-7C3F-452D-868C-408A3C028D53}.Release|Any CPU.ActiveCfg = Release|Any CPU
		{FA215677-7C3F-452D-868C-408A3C028D53}.Release|Any CPU.Build.0 = Release|Any CPU
	EndGlobalSection
EndGlobal
