
Microsoft Visual Studio Solution File, Format Version 12.00
# Visual Studio Version 17
VisualStudioVersion = 17.0.32112.339
MinimumVisualStudioVersion = 10.0.40219.1
Project("{9A19103F-16F7-4668-BE54-9A1E7A4F7556}") = "RockstarsIT", "RockstarsIT\RockstarsIT.csproj", "{FA215677-7C3F-452D-868C-408A3C028D53}"
EndProject
Project("{FAE04EC0-301F-11D3-BF4B-00C04F79EFBC}") = "RockStarsITUnit", "RockStarsITUnit\RockStarsITUnit.csproj", "{C5751251-2A7A-4621-BEF4-DD0C3F845961}"
EndProject
Global
	GlobalSection(SolutionConfigurationPlatforms) = preSolution
		Debug|Any CPU = Debug|Any CPU
		Release|Any CPU = Release|Any CPU
	EndGlobalSection
	GlobalSection(ProjectConfigurationPlatforms) = postSolution
		{FA215677-7C3F-452D-868C-408A3C028D53}.Debug|Any CPU.ActiveCfg = Debug|Any CPU
		{FA215677-7C3F-452D-868C-408A3C028D53}.Debug|Any CPU.Build.0 = Debug|Any CPU
		{FA215677-7C3F-452D-868C-408A3C028D53}.Release|Any CPU.ActiveCfg = Release|Any CPU
		{FA215677-7C3F-452D-868C-408A3C028D53}.Release|Any CPU.Build.0 = Release|Any CPU
		{C5751251-2A7A-4621-BEF4-DD0C3F845961}.Debug|Any CPU.ActiveCfg = Debug|Any CPU
		{C5751251-2A7A-4621-BEF4-DD0C3F845961}.Debug|Any CPU.Build.0 = Debug|Any CPU
		{C5751251-2A7A-4621-BEF4-DD0C3F845961}.Release|Any CPU.ActiveCfg = Release|Any CPU
		{C5751251-2A7A-4621-BEF4-DD0C3F845961}.Release|Any CPU.Build.0 = Release|Any CPU
	EndGlobalSection
	GlobalSection(SolutionProperties) = preSolution
		HideSolutionNode = FALSE
	EndGlobalSection
	GlobalSection(ExtensibilityGlobals) = postSolution
		SolutionGuid = {41297F87-8DD9-46B3-ADA7-2A601AAB9589}
	EndGlobalSection
EndGlobal
